
Microsoft Visual Studio Solution File, Format Version 12.00
# Visual Studio Version 17
VisualStudioVersion = 17.0.31612.314
MinimumVisualStudioVersion = 10.0.40219.1
Project("{9A19103F-16F7-4668-BE54-9A1E7A4F7556}") = "MauiAppSample", "MauiAppSample\MauiAppSample\MauiAppSample.csproj", "{7AC7D1A2-BFB2-4D68-987B-0CFA7F1046EE}"
EndProject
Project("{9A19103F-16F7-4668-BE54-9A1E7A4F7556}") = "MauiAppSample.WinUI", "MauiAppSample\MauiAppSample.WinUI\MauiAppSample.WinUI.csproj", "{689FB28C-D810-4FB3-B995-D43D991BCE37}"
EndProject
Global
	GlobalSection(SolutionConfigurationPlatforms) = preSolution
		Debug|Any CPU = Debug|Any CPU
		Release|Any CPU = Release|Any CPU
	EndGlobalSection
	GlobalSection(ProjectConfigurationPlatforms) = postSolution
		{7AC7D1A2-BFB2-4D68-987B-0CFA7F1046EE}.Debug|Any CPU.ActiveCfg = Debug|Any CPU
		{7AC7D1A2-BFB2-4D68-987B-0CFA7F1046EE}.Debug|Any CPU.Build.0 = Debug|Any CPU
		{7AC7D1A2-BFB2-4D68-987B-0CFA7F1046EE}.Debug|Any CPU.Deploy.0 = Debug|Any CPU
		{7AC7D1A2-BFB2-4D68-987B-0CFA7F1046EE}.Release|Any CPU.ActiveCfg = Release|Any CPU
		{7AC7D1A2-BFB2-4D68-987B-0CFA7F1046EE}.Release|Any CPU.Build.0 = Release|Any CPU
		{7AC7D1A2-BFB2-4D68-987B-0CFA7F1046EE}.Release|Any CPU.Deploy.0 = Release|Any CPU
		{689FB28C-D810-4FB3-B995-D43D991BCE37}.Debug|Any CPU.ActiveCfg = Debug|Any CPU
		{689FB28C-D810-4FB3-B995-D43D991BCE37}.Debug|Any CPU.Build.0 = Debug|Any CPU
		{689FB28C-D810-4FB3-B995-D43D991BCE37}.Debug|Any CPU.Deploy.0 = Debug|Any CPU
		{689FB28C-D810-4FB3-B995-D43D991BCE37}.Release|Any CPU.ActiveCfg = Release|Any CPU
		{689FB28C-D810-4FB3-B995-D43D991BCE37}.Release|Any CPU.Build.0 = Release|Any CPU
		{689FB28C-D810-4FB3-B995-D43D991BCE37}.Release|Any CPU.Deploy.0 = Release|Any CPU
	EndGlobalSection
	GlobalSection(SolutionProperties) = preSolution
		HideSolutionNode = FALSE
	EndGlobalSection
	GlobalSection(ExtensibilityGlobals) = postSolution
		SolutionGuid = {61F7FB11-1E47-470C-91E2-47F8143E1572}
	EndGlobalSection
EndGlobal
